# This file is automatically @generated by Cargo.
# It is not intended for manual editing.
version = 4

[[package]]
name = "ecdsa_basic"
version = "0.1.0"
dependencies = [
 "xark",
 "xark-secp256k1",
]

[[package]]
name = "xark"
version = "0.1.0"

[[package]]
name = "xark-bits"
version = "0.1.0"
dependencies = [
 "xark",
]

[[package]]
name = "xark-curve"
version = "0.1.0"

[[package]]
name = "xark-ff"
version = "0.1.0"
dependencies = [
 "xark",
 "xark-bits",
]

[[package]]
name = "xark-secp256k1"
version = "0.1.0"
dependencies = [
 "xark",
 "xark-bits",
 "xark-curve",
 "xark-ff",
]
